
Microsoft Visual Studio Solution File, Format Version 12.00
# Visual Studio Version 16
VisualStudioVersion = 16.0.30611.23
MinimumVisualStudioVersion = 10.0.40219.1
Project("{FAE04EC0-301F-11D3-BF4B-00C04F79EFBC}") = "QuantumWebAPI", "QuantumWebAPI.csproj", "{7A6859ED-1D53-4422-B6EF-6A3598AB19D4}"
EndProject
Project("{FAE04EC0-301F-11D3-BF4B-00C04F79EFBC}") = "QuantumDB", "..\QuantumDB\QuantumDB.csproj", "{5757E7A1-48F2-440A-AEE4-748F9F7B09C0}"
EndProject
Global
	GlobalSection(SolutionConfigurationPlatforms) = preSolution
		Debug|Any CPU = Debug|Any CPU
		Release|Any CPU = Release|Any CPU
	EndGlobalSection
	GlobalSection(ProjectConfigurationPlatforms) = postSolution
		{7A6859ED-1D53-4422-B6EF-6A3598AB19D4}.Debug|Any CPU.ActiveCfg = Debug|Any CPU
		{7A6859ED-1D53-4422-B6EF-6A3598AB19D4}.Debug|Any CPU.Build.0 = Debug|Any CPU
		{7A6859ED-1D53-4422-B6EF-6A3598AB19D4}.Release|Any CPU.ActiveCfg = Release|Any CPU
		{7A6859ED-1D53-4422-B6EF-6A3598AB19D4}.Release|Any CPU.Build.0 = Release|Any CPU
		{5757E7A1-48F2-440A-AEE4-748F9F7B09C0}.Debug|Any CPU.ActiveCfg = Debug|Any CPU
		{5757E7A1-48F2-440A-AEE4-748F9F7B09C0}.Debug|Any CPU.Build.0 = Debug|Any CPU
		{5757E7A1-48F2-440A-AEE4-748F9F7B09C0}.Release|Any CPU.ActiveCfg = Release|Any CPU
		{5757E7A1-48F2-440A-AEE4-748F9F7B09C0}.Release|Any CPU.Build.0 = Release|Any CPU
	EndGlobalSection
	GlobalSection(SolutionProperties) = preSolution
		HideSolutionNode = FALSE
	EndGlobalSection
	GlobalSection(ExtensibilityGlobals) = postSolution
		SolutionGuid = {61DE9589-B242-42BF-86F0-87216B0FCD20}
	EndGlobalSection
EndGlobal
